{
  "version": 4,
  "terraform_version": "1.13.5",
  "serial": 32,
  "lineage": "8fb84dd5-039c-7761-db34-13fec433885e",
  "outputs": {},
  "resources": [
    {
      "mode": "managed",
      "type": "local_file",
      "name": "tf_example1",
      "provider": "provider[\"registry.terraform.io/hashicorp/local\"]",
      "instances": [
        {
          "index_key": 0,
          "schema_version": 0,
          "attributes": {
            "content": "Ika is a good student!",
            "content_base64": null,
            "content_base64sha256": "Y7gAtB7YbWMvSzANlu9GKPgqqSDWG26IK0xCm8elFpw=",
            "content_base64sha512": "LVz0mwXmmZTOMn+orN91kggYOEuHMwOW774UBFUi/OQlWQ5E/os4nQWA6d7Nn+VJ122r/+zOyZATvOk6sCkqng==",
            "content_md5": "112113b7dcd1f2713451e06413ecd3e6",
            "content_sha1": "fe2fb07c992a85647d77f4b2ad72b855a55cea93",
            "content_sha256": "63b800b41ed86d632f4b300d96ef4628f82aa920d61b6e882b4c429bc7a5169c",
            "content_sha512": "2d5cf49b05e69994ce327fa8acdf75920818384b87330396efbe14045522fce425590e44fe8b389d0580e9decd9fe549d76dabffeccec99013bce93ab0292a9e",
            "directory_permission": "0777",
            "file_permission": "0777",
            "filename": "./example-0.txt",
            "id": "fe2fb07c992a85647d77f4b2ad72b855a55cea93",
            "sensitive_content": null,
            "source": null
          },
          "sensitive_attributes": [
            [
              {
                "type": "get_attr",
                "value": "sensitive_content"
              }
            ]
          ],
          "identity_schema_version": 0
        },
        {
          "index_key": 1,
          "schema_version": 0,
          "attributes": {
            "content": "Ika is a good student!",
            "content_base64": null,
            "content_base64sha256": "Y7gAtB7YbWMvSzANlu9GKPgqqSDWG26IK0xCm8elFpw=",
            "content_base64sha512": "LVz0mwXmmZTOMn+orN91kggYOEuHMwOW774UBFUi/OQlWQ5E/os4nQWA6d7Nn+VJ122r/+zOyZATvOk6sCkqng==",
            "content_md5": "112113b7dcd1f2713451e06413ecd3e6",
            "content_sha1": "fe2fb07c992a85647d77f4b2ad72b855a55cea93",
            "content_sha256": "63b800b41ed86d632f4b300d96ef4628f82aa920d61b6e882b4c429bc7a5169c",
            "content_sha512": "2d5cf49b05e69994ce327fa8acdf75920818384b87330396efbe14045522fce425590e44fe8b389d0580e9decd9fe549d76dabffeccec99013bce93ab0292a9e",
            "directory_permission": "0777",
            "file_permission": "0777",
            "filename": "./example-1.txt",
            "id": "fe2fb07c992a85647d77f4b2ad72b855a55cea93",
            "sensitive_content": null,
            "source": null
          },
          "sensitive_attributes": [
            [
              {
                "type": "get_attr",
                "value": "sensitive_content"
              }
            ]
          ],
          "identity_schema_version": 0
        },
        {
          "index_key": 2,
          "schema_version": 0,
          "attributes": {
            "content": "Ika is a good student!",
            "content_base64": null,
            "content_base64sha256": "Y7gAtB7YbWMvSzANlu9GKPgqqSDWG26IK0xCm8elFpw=",
            "content_base64sha512": "LVz0mwXmmZTOMn+orN91kggYOEuHMwOW774UBFUi/OQlWQ5E/os4nQWA6d7Nn+VJ122r/+zOyZATvOk6sCkqng==",
            "content_md5": "112113b7dcd1f2713451e06413ecd3e6",
            "content_sha1": "fe2fb07c992a85647d77f4b2ad72b855a55cea93",
            "content_sha256": "63b800b41ed86d632f4b300d96ef4628f82aa920d61b6e882b4c429bc7a5169c",
            "content_sha512": "2d5cf49b05e69994ce327fa8acdf75920818384b87330396efbe14045522fce425590e44fe8b389d0580e9decd9fe549d76dabffeccec99013bce93ab0292a9e",
            "directory_permission": "0777",
            "file_permission": "0777",
            "filename": "./example-2.txt",
            "id": "fe2fb07c992a85647d77f4b2ad72b855a55cea93",
            "sensitive_content": null,
            "source": null
          },
          "sensitive_attributes": [
            [
              {
                "type": "get_attr",
                "value": "sensitive_content"
              }
            ]
          ],
          "identity_schema_version": 0
        }
      ]
    }
  ],
  "check_results": null
}
